// !$*UTF8*$!
{
	archiveVersion = 1;
	classes = {
	};
	objectVersion = 50;
	objects = {

/* Begin PBXBuildFile section */
		3BB2931D235BF292006C3E2C /* UserData.swift in Sources */ = {isa = PBXBuildFile; fileRef = 3BB2931C235BF292006C3E2C /* UserData.swift */; };
		3BB2931F235C0D0A006C3E2C /* DataUtility.swift in Sources */ = {isa = PBXBuildFile; fileRef = 3BB2931E235C0D0A006C3E2C /* DataUtility.swift */; };
		3BB29321235C8528006C3E2C /* DateUtility.swift in Sources */ = {isa = PBXBuildFile; fileRef = 3BB29320235C8528006C3E2C /* DateUtility.swift */; };
		3BB29323235C863E006C3E2C /* DefaultsUtility.swift in Sources */ = {isa = PBXBuildFile; fileRef = 3BB29322235C863E006C3E2C /* DefaultsUtility.swift */; };
		A062B885235BE68700F96DB7 /* AppDelegate.swift in Sources */ = {isa = PBXBuildFile; fileRef = A062B884235BE68700F96DB7 /* AppDelegate.swift */; };
		A062B887235BE68700F96DB7 /* SceneDelegate.swift in Sources */ = {isa = PBXBuildFile; fileRef = A062B886235BE68700F96DB7 /* SceneDelegate.swift */; };
		A062B889235BE68700F96DB7 /* ContentView.swift in Sources */ = {isa = PBXBuildFile; fileRef = A062B888235BE68700F96DB7 /* ContentView.swift */; };
		A062B88B235BE68C00F96DB7 /* Assets.xcassets in Resources */ = {isa = PBXBuildFile; fileRef = A062B88A235BE68C00F96DB7 /* Assets.xcassets */; };
		A062B88E235BE68C00F96DB7 /* Preview Assets.xcassets in Resources */ = {isa = PBXBuildFile; fileRef = A062B88D235BE68C00F96DB7 /* Preview Assets.xcassets */; };
		A062B891235BE68C00F96DB7 /* LaunchScreen.storyboard in Resources */ = {isa = PBXBuildFile; fileRef = A062B88F235BE68C00F96DB7 /* LaunchScreen.storyboard */; };
		A062B89A235BEA6900F96DB7 /* ProfileView.swift in Sources */ = {isa = PBXBuildFile; fileRef = A062B899235BEA6900F96DB7 /* ProfileView.swift */; };
		A062B89C235BEA7A00F96DB7 /* GoalView.swift in Sources */ = {isa = PBXBuildFile; fileRef = A062B89B235BEA7A00F96DB7 /* GoalView.swift */; };
		A062B89E235BEA9200F96DB7 /* MeditationView.swift in Sources */ = {isa = PBXBuildFile; fileRef = A062B89D235BEA9200F96DB7 /* MeditationView.swift */; };
		A062B8A0235BF1E100F96DB7 /* RegistrationView.swift in Sources */ = {isa = PBXBuildFile; fileRef = A062B89F235BF1E100F96DB7 /* RegistrationView.swift */; };
/* End PBXBuildFile section */

/* Begin PBXFileReference section */
		3BB2931C235BF292006C3E2C /* UserData.swift */ = {isa = PBXFileReference; lastKnownFileType = sourcecode.swift; path = UserData.swift; sourceTree = "<group>"; };
		3BB2931E235C0D0A006C3E2C /* DataUtility.swift */ = {isa = PBXFileReference; lastKnownFileType = sourcecode.swift; path = DataUtility.swift; sourceTree = "<group>"; };
		3BB29320235C8528006C3E2C /* DateUtility.swift */ = {isa = PBXFileReference; lastKnownFileType = sourcecode.swift; path = DateUtility.swift; sourceTree = "<group>"; };
		3BB29322235C863E006C3E2C /* DefaultsUtility.swift */ = {isa = PBXFileReference; lastKnownFileType = sourcecode.swift; path = DefaultsUtility.swift; sourceTree = "<group>"; };
		A062B881235BE68700F96DB7 /* Mindful.app */ = {isa = PBXFileReference; explicitFileType = wrapper.application; includeInIndex = 0; path = Mindful.app; sourceTree = BUILT_PRODUCTS_DIR; };
		A062B884235BE68700F96DB7 /* AppDelegate.swift */ = {isa = PBXFileReference; lastKnownFileType = sourcecode.swift; path = AppDelegate.swift; sourceTree = "<group>"; };
		A062B886235BE68700F96DB7 /* SceneDelegate.swift */ = {isa = PBXFileReference; lastKnownFileType = sourcecode.swift; path = SceneDelegate.swift; sourceTree = "<group>"; };
		A062B888235BE68700F96DB7 /* ContentView.swift */ = {isa = PBXFileReference; lastKnownFileType = sourcecode.swift; path = ContentView.swift; sourceTree = "<group>"; };
		A062B88A235BE68C00F96DB7 /* Assets.xcassets */ = {isa = PBXFileReference; lastKnownFileType = folder.assetcatalog; path = Assets.xcassets; sourceTree = "<group>"; };
		A062B88D235BE68C00F96DB7 /* Preview Assets.xcassets */ = {isa = PBXFileReference; lastKnownFileType = folder.assetcatalog; path = "Preview Assets.xcassets"; sourceTree = "<group>"; };
		A062B890235BE68C00F96DB7 /* Base */ = {isa = PBXFileReference; lastKnownFileType = file.storyboard; name = Base; path = Base.lproj/LaunchScreen.storyboard; sourceTree = "<group>"; };
		A062B892235BE68C00F96DB7 /* Info.plist */ = {isa = PBXFileReference; lastKnownFileType = text.plist.xml; path = Info.plist; sourceTree = "<group>"; };
		A062B899235BEA6900F96DB7 /* ProfileView.swift */ = {isa = PBXFileReference; lastKnownFileType = sourcecode.swift; path = ProfileView.swift; sourceTree = "<group>"; };
		A062B89B235BEA7A00F96DB7 /* GoalView.swift */ = {isa = PBXFileReference; lastKnownFileType = sourcecode.swift; path = GoalView.swift; sourceTree = "<group>"; };
		A062B89D235BEA9200F96DB7 /* MeditationView.swift */ = {isa = PBXFileReference; lastKnownFileType = sourcecode.swift; path = MeditationView.swift; sourceTree = "<group>"; };
		A062B89F235BF1E100F96DB7 /* RegistrationView.swift */ = {isa = PBXFileReference; lastKnownFileType = sourcecode.swift; path = RegistrationView.swift; sourceTree = "<group>"; };
/* End PBXFileReference section */

/* Begin PBXFrameworksBuildPhase section */
		A062B87E235BE68700F96DB7 /* Frameworks */ = {
			isa = PBXFrameworksBuildPhase;
			buildActionMask = 2147483647;
			files = (
			);
			runOnlyForDeploymentPostprocessing = 0;
		};
/* End PBXFrameworksBuildPhase section */

/* Begin PBXGroup section */
		A062B878235BE68700F96DB7 = {
			isa = PBXGroup;
			children = (
				A062B883235BE68700F96DB7 /* Mindful */,
				A062B882235BE68700F96DB7 /* Products */,
			);
			sourceTree = "<group>";
		};
		A062B882235BE68700F96DB7 /* Products */ = {
			isa = PBXGroup;
			children = (
				A062B881235BE68700F96DB7 /* Mindful.app */,
			);
			name = Products;
			sourceTree = "<group>";
		};
		A062B883235BE68700F96DB7 /* Mindful */ = {
			isa = PBXGroup;
			children = (
				A062B884235BE68700F96DB7 /* AppDelegate.swift */,
				3BB29320235C8528006C3E2C /* DateUtility.swift */,
				3BB29322235C863E006C3E2C /* DefaultsUtility.swift */,
				3BB2931E235C0D0A006C3E2C /* DataUtility.swift */,
				3BB2931C235BF292006C3E2C /* UserData.swift */,
				A062B886235BE68700F96DB7 /* SceneDelegate.swift */,
				A062B898235BE9C200F96DB7 /* Views */,
				A062B88A235BE68C00F96DB7 /* Assets.xcassets */,
				A062B88F235BE68C00F96DB7 /* LaunchScreen.storyboard */,
				A062B892235BE68C00F96DB7 /* Info.plist */,
				A062B88C235BE68C00F96DB7 /* Preview Content */,
			);
			path = Mindful;
			sourceTree = "<group>";
		};
		A062B88C235BE68C00F96DB7 /* Preview Content */ = {
			isa = PBXGroup;
			children = (
				A062B88D235BE68C00F96DB7 /* Preview Assets.xcassets */,
			);
			path = "Preview Content";
			sourceTree = "<group>";
		};
		A062B898235BE9C200F96DB7 /* Views */ = {
			isa = PBXGroup;
			children = (
				A062B888235BE68700F96DB7 /* ContentView.swift */,
				A062B899235BEA6900F96DB7 /* ProfileView.swift */,
				A062B89D235BEA9200F96DB7 /* MeditationView.swift */,
				A062B89B235BEA7A00F96DB7 /* GoalView.swift */,
				A062B89F235BF1E100F96DB7 /* RegistrationView.swift */,
			);
			path = Views;
			sourceTree = "<group>";
		};
/* End PBXGroup section */

/* Begin PBXNativeTarget section */
		A062B880235BE68700F96DB7 /* Mindful */ = {
			isa = PBXNativeTarget;
			buildConfigurationList = A062B895235BE68C00F96DB7 /* Build configuration list for PBXNativeTarget "Mindful" */;
			buildPhases = (
				A062B87D235BE68700F96DB7 /* Sources */,
				A062B87E235BE68700F96DB7 /* Frameworks */,
				A062B87F235BE68700F96DB7 /* Resources */,
			);
			buildRules = (
			);
			dependencies = (
			);
			name = Mindful;
			productName = Mindful;
			productReference = A062B881235BE68700F96DB7 /* Mindful.app */;
			productType = "com.apple.product-type.application";
		};
/* End PBXNativeTarget section */

/* Begin PBXProject section */
		A062B879235BE68700F96DB7 /* Project object */ = {
			isa = PBXProject;
			attributes = {
				LastSwiftUpdateCheck = 1100;
				LastUpgradeCheck = 1100;
				ORGANIZATIONNAME = "Kirtan Patel";
				TargetAttributes = {
					A062B880235BE68700F96DB7 = {
						CreatedOnToolsVersion = 11.0;
					};
				};
			};
			buildConfigurationList = A062B87C235BE68700F96DB7 /* Build configuration list for PBXProject "Mindful" */;
			compatibilityVersion = "Xcode 9.3";
			developmentRegion = en;
			hasScannedForEncodings = 0;
			knownRegions = (
				en,
				Base,
			);
			mainGroup = A062B878235BE68700F96DB7;
			productRefGroup = A062B882235BE68700F96DB7 /* Products */;
			projectDirPath = "";
			projectRoot = "";
			targets = (
				A062B880235BE68700F96DB7 /* Mindful */,
			);
		};
/* End PBXProject section */

/* Begin PBXResourcesBuildPhase section */
		A062B87F235BE68700F96DB7 /* Resources */ = {
			isa = PBXResourcesBuildPhase;
			buildActionMask = 2147483647;
			files = (
				A062B891235BE68C00F96DB7 /* LaunchScreen.storyboard in Resources */,
				A062B88E235BE68C00F96DB7 /* Preview Assets.xcassets in Resources */,
				A062B88B235BE68C00F96DB7 /* Assets.xcassets in Resources */,
			);
			runOnlyForDeploymentPostprocessing = 0;
		};
/* End PBXResourcesBuildPhase section */

/* Begin PBXSourcesBuildPhase section */
		A062B87D235BE68700F96DB7 /* Sources */ = {
			isa = PBXSourcesBuildPhase;
			buildActionMask = 2147483647;
			files = (
				3BB29321235C8528006C3E2C /* DateUtility.swift in Sources */,
				A062B89A235BEA6900F96DB7 /* ProfileView.swift in Sources */,
				3BB29323235C863E006C3E2C /* DefaultsUtility.swift in Sources */,
				A062B885235BE68700F96DB7 /* AppDelegate.swift in Sources */,
				A062B89C235BEA7A00F96DB7 /* GoalView.swift in Sources */,
				A062B8A0235BF1E100F96DB7 /* RegistrationView.swift in Sources */,
				A062B887235BE68700F96DB7 /* SceneDelegate.swift in Sources */,
				A062B89E235BEA9200F96DB7 /* MeditationView.swift in Sources */,
				A062B889235BE68700F96DB7 /* ContentView.swift in Sources */,
				3BB2931F235C0D0A006C3E2C /* DataUtility.swift in Sources */,
				3BB2931D235BF292006C3E2C /* UserData.swift in Sources */,
			);
			runOnlyForDeploymentPostprocessing = 0;
		};
/* End PBXSourcesBuildPhase section */

/* Begin PBXVariantGroup section */
		A062B88F235BE68C00F96DB7 /* LaunchScreen.storyboard */ = {
			isa = PBXVariantGroup;
			children = (
				A062B890235BE68C00F96DB7 /* Base */,
			);
			name = LaunchScreen.storyboard;
			sourceTree = "<group>";
		};
/* End PBXVariantGroup section */

/* Begin XCBuildConfiguration section */
		A062B893235BE68C00F96DB7 /* Debug */ = {
			isa = XCBuildConfiguration;
			buildSettings = {
				ALWAYS_SEARCH_USER_PATHS = NO;
				CLANG_ANALYZER_NONNULL = YES;
				CLANG_ANALYZER_NUMBER_OBJECT_CONVERSION = YES_AGGRESSIVE;
				CLANG_CXX_LANGUAGE_STANDARD = "gnu++14";
				CLANG_CXX_LIBRARY = "libc++";
				CLANG_ENABLE_MODULES = YES;
				CLANG_ENABLE_OBJC_ARC = YES;
				CLANG_ENABLE_OBJC_WEAK = YES;
				CLANG_WARN_BLOCK_CAPTURE_AUTORELEASING = YES;
				CLANG_WARN_BOOL_CONVERSION = YES;
				CLANG_WARN_COMMA = YES;
				CLANG_WARN_CONSTANT_CONVERSION = YES;
				CLANG_WARN_DEPRECATED_OBJC_IMPLEMENTATIONS = YES;
				CLANG_WARN_DIRECT_OBJC_ISA_USAGE = YES_ERROR;
				CLANG_WARN_DOCUMENTATION_COMMENTS = YES;
				CLANG_WARN_EMPTY_BODY = YES;
				CLANG_WARN_ENUM_CONVERSION = YES;
				CLANG_WARN_INFINITE_RECURSION = YES;
				CLANG_WARN_INT_CONVERSION = YES;
				CLANG_WARN_NON_LITERAL_NULL_CONVERSION = YES;
				CLANG_WARN_OBJC_IMPLICIT_RETAIN_SELF = YES;
				CLANG_WARN_OBJC_LITERAL_CONVERSION = YES;
				CLANG_WARN_OBJC_ROOT_CLASS = YES_ERROR;
				CLANG_WARN_RANGE_LOOP_ANALYSIS = YES;
				CLANG_WARN_STRICT_PROTOTYPES = YES;
				CLANG_WARN_SUSPICIOUS_MOVE = YES;
				CLANG_WARN_UNGUARDED_AVAILABILITY = YES_AGGRESSIVE;
				CLANG_WARN_UNREACHABLE_CODE = YES;
				CLANG_WARN__DUPLICATE_METHOD_MATCH = YES;
				COPY_PHASE_STRIP = NO;
				DEBUG_INFORMATION_FORMAT = dwarf;
				ENABLE_STRICT_OBJC_MSGSEND = YES;
				ENABLE_TESTABILITY = YES;
				GCC_C_LANGUAGE_STANDARD = gnu11;
				GCC_DYNAMIC_NO_PIC = NO;
				GCC_NO_COMMON_BLOCKS = YES;
				GCC_OPTIMIZATION_LEVEL = 0;
				GCC_PREPROCESSOR_DEFINITIONS = (
					"DEBUG=1",
					"$(inherited)",
				);
				GCC_WARN_64_TO_32_BIT_CONVERSION = YES;
				GCC_WARN_ABOUT_RETURN_TYPE = YES_ERROR;
				GCC_WARN_UNDECLARED_SELECTOR = YES;
				GCC_WARN_UNINITIALIZED_AUTOS = YES_AGGRESSIVE;
				GCC_WARN_UNUSED_FUNCTION = YES;
				GCC_WARN_UNUSED_VARIABLE = YES;
				IPHONEOS_DEPLOYMENT_TARGET = 13.0;
				MTL_ENABLE_DEBUG_INFO = INCLUDE_SOURCE;
				MTL_FAST_MATH = YES;
				ONLY_ACTIVE_ARCH = YES;
				SDKROOT = iphoneos;
				SWIFT_ACTIVE_COMPILATION_CONDITIONS = DEBUG;
				SWIFT_OPTIMIZATION_LEVEL = "-Onone";
			};
			name = Debug;
		};
		A062B894235BE68C00F96DB7 /* Release */ = {
			isa = XCBuildConfiguration;
			buildSettings = {
				ALWAYS_SEARCH_USER_PATHS = NO;
				CLANG_ANALYZER_NONNULL = YES;
				CLANG_ANALYZER_NUMBER_OBJECT_CONVERSION = YES_AGGRESSIVE;
				CLANG_CXX_LANGUAGE_STANDARD = "gnu++14";
				CLANG_CXX_LIBRARY = "libc++";
				CLANG_ENABLE_MODULES = YES;
				CLANG_ENABLE_OBJC_ARC = YES;
				CLANG_ENABLE_OBJC_WEAK = YES;
				CLANG_WARN_BLOCK_CAPTURE_AUTORELEASING = YES;
				CLANG_WARN_BOOL_CONVERSION = YES;
				CLANG_WARN_COMMA = YES;
				CLANG_WARN_CONSTANT_CONVERSION = YES;
				CLANG_WARN_DEPRECATED_OBJC_IMPLEMENTATIONS = YES;
				CLANG_WARN_DIRECT_OBJC_ISA_USAGE = YES_ERROR;
				CLANG_WARN_DOCUMENTATION_COMMENTS = YES;
				CLANG_WARN_EMPTY_BODY = YES;
				CLANG_WARN_ENUM_CONVERSION = YES;
				CLANG_WARN_INFINITE_RECURSION = YES;
				CLANG_WARN_INT_CONVERSION = YES;
				CLANG_WARN_NON_LITERAL_NULL_CONVERSION = YES;
				CLANG_WARN_OBJC_IMPLICIT_RETAIN_SELF = YES;
				CLANG_WARN_OBJC_LITERAL_CONVERSION = YES;
				CLANG_WARN_OBJC_ROOT_CLASS = YES_ERROR;
				CLANG_WARN_RANGE_LOOP_ANALYSIS = YES;
				CLANG_WARN_STRICT_PROTOTYPES = YES;
				CLANG_WARN_SUSPICIOUS_MOVE = YES;
				CLANG_WARN_UNGUARDED_AVAILABILITY = YES_AGGRESSIVE;
				CLANG_WARN_UNREACHABLE_CODE = YES;
				CLANG_WARN__DUPLICATE_METHOD_MATCH = YES;
				COPY_PHASE_STRIP = NO;
				DEBUG_INFORMATION_FORMAT = "dwarf-with-dsym";
				ENABLE_NS_ASSERTIONS = NO;
				ENABLE_STRICT_OBJC_MSGSEND = YES;
				GCC_C_LANGUAGE_STANDARD = gnu11;
				GCC_NO_COMMON_BLOCKS = YES;
				GCC_WARN_64_TO_32_BIT_CONVERSION = YES;
				GCC_WARN_ABOUT_RETURN_TYPE = YES_ERROR;
				GCC_WARN_UNDECLARED_SELECTOR = YES;
				GCC_WARN_UNINITIALIZED_AUTOS = YES_AGGRESSIVE;
				GCC_WARN_UNUSED_FUNCTION = YES;
				GCC_WARN_UNUSED_VARIABLE = YES;
				IPHONEOS_DEPLOYMENT_TARGET = 13.0;
				MTL_ENABLE_DEBUG_INFO = NO;
				MTL_FAST_MATH = YES;
				SDKROOT = iphoneos;
				SWIFT_COMPILATION_MODE = wholemodule;
				SWIFT_OPTIMIZATION_LEVEL = "-O";
				VALIDATE_PRODUCT = YES;
			};
			name = Release;
		};
		A062B896235BE68C00F96DB7 /* Debug */ = {
			isa = XCBuildConfiguration;
			buildSettings = {
				ASSETCATALOG_COMPILER_APPICON_NAME = AppIcon;
				CODE_SIGN_STYLE = Automatic;
				DEVELOPMENT_ASSET_PATHS = "\"Mindful/Preview Content\"";
				DEVELOPMENT_TEAM = SGJZQ53648;
				ENABLE_PREVIEWS = YES;
				INFOPLIST_FILE = Mindful/Info.plist;
				LD_RUNPATH_SEARCH_PATHS = (
					"$(inherited)",
					"@executable_path/Frameworks",
				);
				PRODUCT_BUNDLE_IDENTIFIER = kirtan.patel.Mindful;
				PRODUCT_NAME = "$(TARGET_NAME)";
				SWIFT_VERSION = 5.0;
				TARGETED_DEVICE_FAMILY = "1,2";
			};
			name = Debug;
		};
		A062B897235BE68C00F96DB7 /* Release */ = {
			isa = XCBuildConfiguration;
			buildSettings = {
				ASSETCATALOG_COMPILER_APPICON_NAME = AppIcon;
				CODE_SIGN_STYLE = Automatic;
				DEVELOPMENT_ASSET_PATHS = "\"Mindful/Preview Content\"";
				DEVELOPMENT_TEAM = SGJZQ53648;
				ENABLE_PREVIEWS = YES;
				INFOPLIST_FILE = Mindful/Info.plist;
				LD_RUNPATH_SEARCH_PATHS = (
					"$(inherited)",
					"@executable_path/Frameworks",
				);
				PRODUCT_BUNDLE_IDENTIFIER = kirtan.patel.Mindful;
				PRODUCT_NAME = "$(TARGET_NAME)";
				SWIFT_VERSION = 5.0;
				TARGETED_DEVICE_FAMILY = "1,2";
			};
			name = Release;
		};
/* End XCBuildConfiguration section */

/* Begin XCConfigurationList section */
		A062B87C235BE68700F96DB7 /* Build configuration list for PBXProject "Mindful" */ = {
			isa = XCConfigurationList;
			buildConfigurations = (
				A062B893235BE68C00F96DB7 /* Debug */,
				A062B894235BE68C00F96DB7 /* Release */,
			);
			defaultConfigurationIsVisible = 0;
			defaultConfigurationName = Release;
		};
		A062B895235BE68C00F96DB7 /* Build configuration list for PBXNativeTarget "Mindful" */ = {
			isa = XCConfigurationList;
			buildConfigurations = (
				A062B896235BE68C00F96DB7 /* Debug */,
				A062B897235BE68C00F96DB7 /* Release */,
			);
			defaultConfigurationIsVisible = 0;
			defaultConfigurationName = Release;
		};
/* End XCConfigurationList section */
	};
	rootObject = A062B879235BE68700F96DB7 /* Project object */;
}
